// !$*UTF8*$!
{
	archiveVersion = 1;
	classes = {
	};
	objectVersion = 50;
	objects = {

/* Begin PBXBuildFile section */
		B242ED74217172A2006E210B /* AppDelegate.swift in Sources */ = {isa = PBXBuildFile; fileRef = B242ED73217172A2006E210B /* AppDelegate.swift */; };
		B242ED76217172A2006E210B /* ViewController.swift in Sources */ = {isa = PBXBuildFile; fileRef = B242ED75217172A2006E210B /* ViewController.swift */; };
		B242ED79217172A2006E210B /* Main.storyboard in Resources */ = {isa = PBXBuildFile; fileRef = B242ED77217172A2006E210B /* Main.storyboard */; };
		B242ED7B217172A4006E210B /* Assets.xcassets in Resources */ = {isa = PBXBuildFile; fileRef = B242ED7A217172A4006E210B /* Assets.xcassets */; };
		B242ED7E217172A4006E210B /* LaunchScreen.storyboard in Resources */ = {isa = PBXBuildFile; fileRef = B242ED7C217172A4006E210B /* LaunchScreen.storyboard */; };
		B242ED89217172A4006E210B /* caculator_01Tests.swift in Sources */ = {isa = PBXBuildFile; fileRef = B242ED88217172A4006E210B /* caculator_01Tests.swift */; };
		B242ED94217172A4006E210B /* caculator_01UITests.swift in Sources */ = {isa = PBXBuildFile; fileRef = B242ED93217172A4006E210B /* caculator_01UITests.swift */; };
/* End PBXBuildFile section */

/* Begin PBXContainerItemProxy section */
		B242ED85217172A4006E210B /* PBXContainerItemProxy */ = {
			isa = PBXContainerItemProxy;
			containerPortal = B242ED68217172A1006E210B /* Project object */;
			proxyType = 1;
			remoteGlobalIDString = B242ED6F217172A2006E210B;
			remoteInfo = caculator_01;
		};
		B242ED90217172A4006E210B /* PBXContainerItemProxy */ = {
			isa = PBXContainerItemProxy;
			containerPortal = B242ED68217172A1006E210B /* Project object */;
			proxyType = 1;
			remoteGlobalIDString = B242ED6F217172A2006E210B;
			remoteInfo = caculator_01;
		};
/* End PBXContainerItemProxy section */

/* Begin PBXFileReference section */
		B242ED70217172A2006E210B /* caculator_01.app */ = {isa = PBXFileReference; explicitFileType = wrapper.application; includeInIndex = 0; path = caculator_01.app; sourceTree = BUILT_PRODUCTS_DIR; };
		B242ED73217172A2006E210B /* AppDelegate.swift */ = {isa = PBXFileReference; lastKnownFileType = sourcecode.swift; path = AppDelegate.swift; sourceTree = "<group>"; };
		B242ED75217172A2006E210B /* ViewController.swift */ = {isa = PBXFileReference; lastKnownFileType = sourcecode.swift; path = ViewController.swift; sourceTree = "<group>"; };
		B242ED78217172A2006E210B /* Base */ = {isa = PBXFileReference; lastKnownFileType = file.storyboard; name = Base; path = Base.lproj/Main.storyboard; sourceTree = "<group>"; };
		B242ED7A217172A4006E210B /* Assets.xcassets */ = {isa = PBXFileReference; lastKnownFileType = folder.assetcatalog; path = Assets.xcassets; sourceTree = "<group>"; };
		B242ED7D217172A4006E210B /* Base */ = {isa = PBXFileReference; lastKnownFileType = file.storyboard; name = Base; path = Base.lproj/LaunchScreen.storyboard; sourceTree = "<group>"; };
		B242ED7F217172A4006E210B /* Info.plist */ = {isa = PBXFileReference; lastKnownFileType = text.plist.xml; path = Info.plist; sourceTree = "<group>"; };
		B242ED84217172A4006E210B /* caculator_01Tests.xctest */ = {isa = PBXFileReference; explicitFileType = wrapper.cfbundle; includeInIndex = 0; path = caculator_01Tests.xctest; sourceTree = BUILT_PRODUCTS_DIR; };
		B242ED88217172A4006E210B /* caculator_01Tests.swift */ = {isa = PBXFileReference; lastKnownFileType = sourcecode.swift; path = caculator_01Tests.swift; sourceTree = "<group>"; };
		B242ED8A217172A4006E210B /* Info.plist */ = {isa = PBXFileReference; lastKnownFileType = text.plist.xml; path = Info.plist; sourceTree = "<group>"; };
		B242ED8F217172A4006E210B /* caculator_01UITests.xctest */ = {isa = PBXFileReference; explicitFileType = wrapper.cfbundle; includeInIndex = 0; path = caculator_01UITests.xctest; sourceTree = BUILT_PRODUCTS_DIR; };
		B242ED93217172A4006E210B /* caculator_01UITests.swift */ = {isa = PBXFileReference; lastKnownFileType = sourcecode.swift; path = caculator_01UITests.swift; sourceTree = "<group>"; };
		B242ED95217172A4006E210B /* Info.plist */ = {isa = PBXFileReference; lastKnownFileType = text.plist.xml; path = Info.plist; sourceTree = "<group>"; };
/* End PBXFileReference section */

/* Begin PBXFrameworksBuildPhase section */
		B242ED6D217172A2006E210B /* Frameworks */ = {
			isa = PBXFrameworksBuildPhase;
			buildActionMask = 2147483647;
			files = (
			);
			runOnlyForDeploymentPostprocessing = 0;
		};
		B242ED81217172A4006E210B /* Frameworks */ = {
			isa = PBXFrameworksBuildPhase;
			buildActionMask = 2147483647;
			files = (
			);
			runOnlyForDeploymentPostprocessing = 0;
		};
		B242ED8C217172A4006E210B /* Frameworks */ = {
			isa = PBXFrameworksBuildPhase;
			buildActionMask = 2147483647;
			files = (
			);
			runOnlyForDeploymentPostprocessing = 0;
		};
/* End PBXFrameworksBuildPhase section */

/* Begin PBXGroup section */
		B242ED67217172A1006E210B = {
			isa = PBXGroup;
			children = (
				B242ED72217172A2006E210B /* caculator_01 */,
				B242ED87217172A4006E210B /* caculator_01Tests */,
				B242ED92217172A4006E210B /* caculator_01UITests */,
				B242ED71217172A2006E210B /* Products */,
			);
			sourceTree = "<group>";
		};
		B242ED71217172A2006E210B /* Products */ = {
			isa = PBXGroup;
			children = (
				B242ED70217172A2006E210B /* caculator_01.app */,
				B242ED84217172A4006E210B /* caculator_01Tests.xctest */,
				B242ED8F217172A4006E210B /* caculator_01UITests.xctest */,
			);
			name = Products;
			sourceTree = "<group>";
		};
		B242ED72217172A2006E210B /* caculator_01 */ = {
			isa = PBXGroup;
			children = (
				B242ED73217172A2006E210B /* AppDelegate.swift */,
				B242ED75217172A2006E210B /* ViewController.swift */,
				B242ED77217172A2006E210B /* Main.storyboard */,
				B242ED7A217172A4006E210B /* Assets.xcassets */,
				B242ED7C217172A4006E210B /* LaunchScreen.storyboard */,
				B242ED7F217172A4006E210B /* Info.plist */,
			);
			path = caculator_01;
			sourceTree = "<group>";
		};
		B242ED87217172A4006E210B /* caculator_01Tests */ = {
			isa = PBXGroup;
			children = (
				B242ED88217172A4006E210B /* caculator_01Tests.swift */,
				B242ED8A217172A4006E210B /* Info.plist */,
			);
			path = caculator_01Tests;
			sourceTree = "<group>";
		};
		B242ED92217172A4006E210B /* caculator_01UITests */ = {
			isa = PBXGroup;
			children = (
				B242ED93217172A4006E210B /* caculator_01UITests.swift */,
				B242ED95217172A4006E210B /* Info.plist */,
			);
			path = caculator_01UITests;
			sourceTree = "<group>";
		};
/* End PBXGroup section */

/* Begin PBXNativeTarget section */
		B242ED6F217172A2006E210B /* caculator_01 */ = {
			isa = PBXNativeTarget;
			buildConfigurationList = B242ED98217172A4006E210B /* Build configuration list for PBXNativeTarget "caculator_01" */;
			buildPhases = (
				B242ED6C217172A2006E210B /* Sources */,
				B242ED6D217172A2006E210B /* Frameworks */,
				B242ED6E217172A2006E210B /* Resources */,
			);
			buildRules = (
			);
			dependencies = (
			);
			name = caculator_01;
			productName = caculator_01;
			productReference = B242ED70217172A2006E210B /* caculator_01.app */;
			productType = "com.apple.product-type.application";
		};
		B242ED83217172A4006E210B /* caculator_01Tests */ = {
			isa = PBXNativeTarget;
			buildConfigurationList = B242ED9B217172A4006E210B /* Build configuration list for PBXNativeTarget "caculator_01Tests" */;
			buildPhases = (
				B242ED80217172A4006E210B /* Sources */,
				B242ED81217172A4006E210B /* Frameworks */,
				B242ED82217172A4006E210B /* Resources */,
			);
			buildRules = (
			);
			dependencies = (
				B242ED86217172A4006E210B /* PBXTargetDependency */,
			);
			name = caculator_01Tests;
			productName = caculator_01Tests;
			productReference = B242ED84217172A4006E210B /* caculator_01Tests.xctest */;
			productType = "com.apple.product-type.bundle.unit-test";
		};
		B242ED8E217172A4006E210B /* caculator_01UITests */ = {
			isa = PBXNativeTarget;
			buildConfigurationList = B242ED9E217172A4006E210B /* Build configuration list for PBXNativeTarget "caculator_01UITests" */;
			buildPhases = (
				B242ED8B217172A4006E210B /* Sources */,
				B242ED8C217172A4006E210B /* Frameworks */,
				B242ED8D217172A4006E210B /* Resources */,
			);
			buildRules = (
			);
			dependencies = (
				B242ED91217172A4006E210B /* PBXTargetDependency */,
			);
			name = caculator_01UITests;
			productName = caculator_01UITests;
			productReference = B242ED8F217172A4006E210B /* caculator_01UITests.xctest */;
			productType = "com.apple.product-type.bundle.ui-testing";
		};
/* End PBXNativeTarget section */

/* Begin PBXProject section */
		B242ED68217172A1006E210B /* Project object */ = {
			isa = PBXProject;
			attributes = {
				LastSwiftUpdateCheck = 1000;
				LastUpgradeCheck = 1000;
				ORGANIZATIONNAME = s20171106574;
				TargetAttributes = {
					B242ED6F217172A2006E210B = {
						CreatedOnToolsVersion = 10.0;
					};
					B242ED83217172A4006E210B = {
						CreatedOnToolsVersion = 10.0;
						TestTargetID = B242ED6F217172A2006E210B;
					};
					B242ED8E217172A4006E210B = {
						CreatedOnToolsVersion = 10.0;
						TestTargetID = B242ED6F217172A2006E210B;
					};
				};
			};
			buildConfigurationList = B242ED6B217172A1006E210B /* Build configuration list for PBXProject "caculator_01" */;
			compatibilityVersion = "Xcode 9.3";
			developmentRegion = en;
			hasScannedForEncodings = 0;
			knownRegions = (
				en,
				Base,
			);
			mainGroup = B242ED67217172A1006E210B;
			productRefGroup = B242ED71217172A2006E210B /* Products */;
			projectDirPath = "";
			projectRoot = "";
			targets = (
				B242ED6F217172A2006E210B /* caculator_01 */,
				B242ED83217172A4006E210B /* caculator_01Tests */,
				B242ED8E217172A4006E210B /* caculator_01UITests */,
			);
		};
/* End PBXProject section */

/* Begin PBXResourcesBuildPhase section */
		B242ED6E217172A2006E210B /* Resources */ = {
			isa = PBXResourcesBuildPhase;
			buildActionMask = 2147483647;
			files = (
				B242ED7E217172A4006E210B /* LaunchScreen.storyboard in Resources */,
				B242ED7B217172A4006E210B /* Assets.xcassets in Resources */,
				B242ED79217172A2006E210B /* Main.storyboard in Resources */,
			);
			runOnlyForDeploymentPostprocessing = 0;
		};
		B242ED82217172A4006E210B /* Resources */ = {
			isa = PBXResourcesBuildPhase;
			buildActionMask = 2147483647;
			files = (
			);
			runOnlyForDeploymentPostprocessing = 0;
		};
		B242ED8D217172A4006E210B /* Resources */ = {
			isa = PBXResourcesBuildPhase;
			buildActionMask = 2147483647;
			files = (
			);
			runOnlyForDeploymentPostprocessing = 0;
		};
/* End PBXResourcesBuildPhase section */

/* Begin PBXSourcesBuildPhase section */
		B242ED6C217172A2006E210B /* Sources */ = {
			isa = PBXSourcesBuildPhase;
			buildActionMask = 2147483647;
			files = (
				B242ED76217172A2006E210B /* ViewController.swift in Sources */,
				B242ED74217172A2006E210B /* AppDelegate.swift in Sources */,
			);
			runOnlyForDeploymentPostprocessing = 0;
		};
		B242ED80217172A4006E210B /* Sources */ = {
			isa = PBXSourcesBuildPhase;
			buildActionMask = 2147483647;
			files = (
				B242ED89217172A4006E210B /* caculator_01Tests.swift in Sources */,
			);
			runOnlyForDeploymentPostprocessing = 0;
		};
		B242ED8B217172A4006E210B /* Sources */ = {
			isa = PBXSourcesBuildPhase;
			buildActionMask = 2147483647;
			files = (
				B242ED94217172A4006E210B /* caculator_01UITests.swift in Sources */,
			);
			runOnlyForDeploymentPostprocessing = 0;
		};
/* End PBXSourcesBuildPhase section */

/* Begin PBXTargetDependency section */
		B242ED86217172A4006E210B /* PBXTargetDependency */ = {
			isa = PBXTargetDependency;
			target = B242ED6F217172A2006E210B /* caculator_01 */;
			targetProxy = B242ED85217172A4006E210B /* PBXContainerItemProxy */;
		};
		B242ED91217172A4006E210B /* PBXTargetDependency */ = {
			isa = PBXTargetDependency;
			target = B242ED6F217172A2006E210B /* caculator_01 */;
			targetProxy = B242ED90217172A4006E210B /* PBXContainerItemProxy */;
		};
/* End PBXTargetDependency section */

/* Begin PBXVariantGroup section */
		B242ED77217172A2006E210B /* Main.storyboard */ = {
			isa = PBXVariantGroup;
			children = (
				B242ED78217172A2006E210B /* Base */,
			);
			name = Main.storyboard;
			sourceTree = "<group>";
		};
		B242ED7C217172A4006E210B /* LaunchScreen.storyboard */ = {
			isa = PBXVariantGroup;
			children = (
				B242ED7D217172A4006E210B /* Base */,
			);
			name = LaunchScreen.storyboard;
			sourceTree = "<group>";
		};
/* End PBXVariantGroup section */

/* Begin XCBuildConfiguration section */
		B242ED96217172A4006E210B /* Debug */ = {
			isa = XCBuildConfiguration;
			buildSettings = {
				ALWAYS_SEARCH_USER_PATHS = NO;
				CLANG_ANALYZER_NONNULL = YES;
				CLANG_ANALYZER_NUMBER_OBJECT_CONVERSION = YES_AGGRESSIVE;
				CLANG_CXX_LANGUAGE_STANDARD = "gnu++14";
				CLANG_CXX_LIBRARY = "libc++";
				CLANG_ENABLE_MODULES = YES;
				CLANG_ENABLE_OBJC_ARC = YES;
				CLANG_ENABLE_OBJC_WEAK = YES;
				CLANG_WARN_BLOCK_CAPTURE_AUTORELEASING = YES;
				CLANG_WARN_BOOL_CONVERSION = YES;
				CLANG_WARN_COMMA = YES;
				CLANG_WARN_CONSTANT_CONVERSION = YES;
				CLANG_WARN_DEPRECATED_OBJC_IMPLEMENTATIONS = YES;
				CLANG_WARN_DIRECT_OBJC_ISA_USAGE = YES_ERROR;
				CLANG_WARN_DOCUMENTATION_COMMENTS = YES;
				CLANG_WARN_EMPTY_BODY = YES;
				CLANG_WARN_ENUM_CONVERSION = YES;
				CLANG_WARN_INFINITE_RECURSION = YES;
				CLANG_WARN_INT_CONVERSION = YES;
				CLANG_WARN_NON_LITERAL_NULL_CONVERSION = YES;
				CLANG_WARN_OBJC_IMPLICIT_RETAIN_SELF = YES;
				CLANG_WARN_OBJC_LITERAL_CONVERSION = YES;
				CLANG_WARN_OBJC_ROOT_CLASS = YES_ERROR;
				CLANG_WARN_RANGE_LOOP_ANALYSIS = YES;
				CLANG_WARN_STRICT_PROTOTYPES = YES;
				CLANG_WARN_SUSPICIOUS_MOVE = YES;
				CLANG_WARN_UNGUARDED_AVAILABILITY = YES_AGGRESSIVE;
				CLANG_WARN_UNREACHABLE_CODE = YES;
				CLANG_WARN__DUPLICATE_METHOD_MATCH = YES;
				CODE_SIGN_IDENTITY = "iPhone Developer";
				COPY_PHASE_STRIP = NO;
				DEBUG_INFORMATION_FORMAT = dwarf;
				ENABLE_STRICT_OBJC_MSGSEND = YES;
				ENABLE_TESTABILITY = YES;
				GCC_C_LANGUAGE_STANDARD = gnu11;
				GCC_DYNAMIC_NO_PIC = NO;
				GCC_NO_COMMON_BLOCKS = YES;
				GCC_OPTIMIZATION_LEVEL = 0;
				GCC_PREPROCESSOR_DEFINITIONS = (
					"DEBUG=1",
					"$(inherited)",
				);
				GCC_WARN_64_TO_32_BIT_CONVERSION = YES;
				GCC_WARN_ABOUT_RETURN_TYPE = YES_ERROR;
				GCC_WARN_UNDECLARED_SELECTOR = YES;
				GCC_WARN_UNINITIALIZED_AUTOS = YES_AGGRESSIVE;
				GCC_WARN_UNUSED_FUNCTION = YES;
				GCC_WARN_UNUSED_VARIABLE = YES;
				IPHONEOS_DEPLOYMENT_TARGET = 12.0;
				MTL_ENABLE_DEBUG_INFO = INCLUDE_SOURCE;
				MTL_FAST_MATH = YES;
				ONLY_ACTIVE_ARCH = YES;
				SDKROOT = iphoneos;
				SWIFT_ACTIVE_COMPILATION_CONDITIONS = DEBUG;
				SWIFT_OPTIMIZATION_LEVEL = "-Onone";
			};
			name = Debug;
		};
		B242ED97217172A4006E210B /* Release */ = {
			isa = XCBuildConfiguration;
			buildSettings = {
				ALWAYS_SEARCH_USER_PATHS = NO;
				CLANG_ANALYZER_NONNULL = YES;
				CLANG_ANALYZER_NUMBER_OBJECT_CONVERSION = YES_AGGRESSIVE;
				CLANG_CXX_LANGUAGE_STANDARD = "gnu++14";
				CLANG_CXX_LIBRARY = "libc++";
				CLANG_ENABLE_MODULES = YES;
				CLANG_ENABLE_OBJC_ARC = YES;
				CLANG_ENABLE_OBJC_WEAK = YES;
				CLANG_WARN_BLOCK_CAPTURE_AUTORELEASING = YES;
				CLANG_WARN_BOOL_CONVERSION = YES;
				CLANG_WARN_COMMA = YES;
				CLANG_WARN_CONSTANT_CONVERSION = YES;
				CLANG_WARN_DEPRECATED_OBJC_IMPLEMENTATIONS = YES;
				CLANG_WARN_DIRECT_OBJC_ISA_USAGE = YES_ERROR;
				CLANG_WARN_DOCUMENTATION_COMMENTS = YES;
				CLANG_WARN_EMPTY_BODY = YES;
				CLANG_WARN_ENUM_CONVERSION = YES;
				CLANG_WARN_INFINITE_RECURSION = YES;
				CLANG_WARN_INT_CONVERSION = YES;
				CLANG_WARN_NON_LITERAL_NULL_CONVERSION = YES;
				CLANG_WARN_OBJC_IMPLICIT_RETAIN_SELF = YES;
				CLANG_WARN_OBJC_LITERAL_CONVERSION = YES;
				CLANG_WARN_OBJC_ROOT_CLASS = YES_ERROR;
				CLANG_WARN_RANGE_LOOP_ANALYSIS = YES;
				CLANG_WARN_STRICT_PROTOTYPES = YES;
				CLANG_WARN_SUSPICIOUS_MOVE = YES;
				CLANG_WARN_UNGUARDED_AVAILABILITY = YES_AGGRESSIVE;
				CLANG_WARN_UNREACHABLE_CODE = YES;
				CLANG_WARN__DUPLICATE_METHOD_MATCH = YES;
				CODE_SIGN_IDENTITY = "iPhone Developer";
				COPY_PHASE_STRIP = NO;
				DEBUG_INFORMATION_FORMAT = "dwarf-with-dsym";
				ENABLE_NS_ASSERTIONS = NO;
				ENABLE_STRICT_OBJC_MSGSEND = YES;
				GCC_C_LANGUAGE_STANDARD = gnu11;
				GCC_NO_COMMON_BLOCKS = YES;
				GCC_WARN_64_TO_32_BIT_CONVERSION = YES;
				GCC_WARN_ABOUT_RETURN_TYPE = YES_ERROR;
				GCC_WARN_UNDECLARED_SELECTOR = YES;
				GCC_WARN_UNINITIALIZED_AUTOS = YES_AGGRESSIVE;
				GCC_WARN_UNUSED_FUNCTION = YES;
				GCC_WARN_UNUSED_VARIABLE = YES;
				IPHONEOS_DEPLOYMENT_TARGET = 12.0;
				MTL_ENABLE_DEBUG_INFO = NO;
				MTL_FAST_MATH = YES;
				SDKROOT = iphoneos;
				SWIFT_COMPILATION_MODE = wholemodule;
				SWIFT_OPTIMIZATION_LEVEL = "-O";
				VALIDATE_PRODUCT = YES;
			};
			name = Release;
		};
		B242ED99217172A4006E210B /* Debug */ = {
			isa = XCBuildConfiguration;
			buildSettings = {
				ASSETCATALOG_COMPILER_APPICON_NAME = AppIcon;
				CODE_SIGN_STYLE = Automatic;
				INFOPLIST_FILE = caculator_01/Info.plist;
				LD_RUNPATH_SEARCH_PATHS = (
					"$(inherited)",
					"@executable_path/Frameworks",
				);
				PRODUCT_BUNDLE_IDENTIFIER = "wtf.caculator-01";
				PRODUCT_NAME = "$(TARGET_NAME)";
				SWIFT_VERSION = 4.2;
				TARGETED_DEVICE_FAMILY = "1,2";
			};
			name = Debug;
		};
		B242ED9A217172A4006E210B /* Release */ = {
			isa = XCBuildConfiguration;
			buildSettings = {
				ASSETCATALOG_COMPILER_APPICON_NAME = AppIcon;
				CODE_SIGN_STYLE = Automatic;
				INFOPLIST_FILE = caculator_01/Info.plist;
				LD_RUNPATH_SEARCH_PATHS = (
					"$(inherited)",
					"@executable_path/Frameworks",
				);
				PRODUCT_BUNDLE_IDENTIFIER = "wtf.caculator-01";
				PRODUCT_NAME = "$(TARGET_NAME)";
				SWIFT_VERSION = 4.2;
				TARGETED_DEVICE_FAMILY = "1,2";
			};
			name = Release;
		};
		B242ED9C217172A4006E210B /* Debug */ = {
			isa = XCBuildConfiguration;
			buildSettings = {
				ALWAYS_EMBED_SWIFT_STANDARD_LIBRARIES = YES;
				BUNDLE_LOADER = "$(TEST_HOST)";
				CODE_SIGN_STYLE = Automatic;
				INFOPLIST_FILE = caculator_01Tests/Info.plist;
				LD_RUNPATH_SEARCH_PATHS = (
					"$(inherited)",
					"@executable_path/Frameworks",
					"@loader_path/Frameworks",
				);
				PRODUCT_BUNDLE_IDENTIFIER = "wtf.caculator-01Tests";
				PRODUCT_NAME = "$(TARGET_NAME)";
				SWIFT_VERSION = 4.2;
				TARGETED_DEVICE_FAMILY = "1,2";
				TEST_HOST = "$(BUILT_PRODUCTS_DIR)/caculator_01.app/caculator_01";
			};
			name = Debug;
		};
		B242ED9D217172A4006E210B /* Release */ = {
			isa = XCBuildConfiguration;
			buildSettings = {
				ALWAYS_EMBED_SWIFT_STANDARD_LIBRARIES = YES;
				BUNDLE_LOADER = "$(TEST_HOST)";
				CODE_SIGN_STYLE = Automatic;
				INFOPLIST_FILE = caculator_01Tests/Info.plist;
				LD_RUNPATH_SEARCH_PATHS = (
					"$(inherited)",
					"@executable_path/Frameworks",
					"@loader_path/Frameworks",
				);
				PRODUCT_BUNDLE_IDENTIFIER = "wtf.caculator-01Tests";
				PRODUCT_NAME = "$(TARGET_NAME)";
				SWIFT_VERSION = 4.2;
				TARGETED_DEVICE_FAMILY = "1,2";
				TEST_HOST = "$(BUILT_PRODUCTS_DIR)/caculator_01.app/caculator_01";
			};
			name = Release;
		};
		B242ED9F217172A4006E210B /* Debug */ = {
			isa = XCBuildConfiguration;
			buildSettings = {
				ALWAYS_EMBED_SWIFT_STANDARD_LIBRARIES = YES;
				CODE_SIGN_STYLE = Automatic;
				INFOPLIST_FILE = caculator_01UITests/Info.plist;
				LD_RUNPATH_SEARCH_PATHS = (
					"$(inherited)",
					"@executable_path/Frameworks",
					"@loader_path/Frameworks",
				);
				PRODUCT_BUNDLE_IDENTIFIER = "wtf.caculator-01UITests";
				PRODUCT_NAME = "$(TARGET_NAME)";
				SWIFT_VERSION = 4.2;
				TARGETED_DEVICE_FAMILY = "1,2";
				TEST_TARGET_NAME = caculator_01;
			};
			name = Debug;
		};
		B242EDA0217172A4006E210B /* Release */ = {
			isa = XCBuildConfiguration;
			buildSettings = {
				ALWAYS_EMBED_SWIFT_STANDARD_LIBRARIES = YES;
				CODE_SIGN_STYLE = Automatic;
				INFOPLIST_FILE = caculator_01UITests/Info.plist;
				LD_RUNPATH_SEARCH_PATHS = (
					"$(inherited)",
					"@executable_path/Frameworks",
					"@loader_path/Frameworks",
				);
				PRODUCT_BUNDLE_IDENTIFIER = "wtf.caculator-01UITests";
				PRODUCT_NAME = "$(TARGET_NAME)";
				SWIFT_VERSION = 4.2;
				TARGETED_DEVICE_FAMILY = "1,2";
				TEST_TARGET_NAME = caculator_01;
			};
			name = Release;
		};
/* End XCBuildConfiguration section */

/* Begin XCConfigurationList section */
		B242ED6B217172A1006E210B /* Build configuration list for PBXProject "caculator_01" */ = {
			isa = XCConfigurationList;
			buildConfigurations = (
				B242ED96217172A4006E210B /* Debug */,
				B242ED97217172A4006E210B /* Release */,
			);
			defaultConfigurationIsVisible = 0;
			defaultConfigurationName = Release;
		};
		B242ED98217172A4006E210B /* Build configuration list for PBXNativeTarget "caculator_01" */ = {
			isa = XCConfigurationList;
			buildConfigurations = (
				B242ED99217172A4006E210B /* Debug */,
				B242ED9A217172A4006E210B /* Release */,
			);
			defaultConfigurationIsVisible = 0;
			defaultConfigurationName = Release;
		};
		B242ED9B217172A4006E210B /* Build configuration list for PBXNativeTarget "caculator_01Tests" */ = {
			isa = XCConfigurationList;
			buildConfigurations = (
				B242ED9C217172A4006E210B /* Debug */,
				B242ED9D217172A4006E210B /* Release */,
			);
			defaultConfigurationIsVisible = 0;
			defaultConfigurationName = Release;
		};
		B242ED9E217172A4006E210B /* Build configuration list for PBXNativeTarget "caculator_01UITests" */ = {
			isa = XCConfigurationList;
			buildConfigurations = (
				B242ED9F217172A4006E210B /* Debug */,
				B242EDA0217172A4006E210B /* Release */,
			);
			defaultConfigurationIsVisible = 0;
			defaultConfigurationName = Release;
		};
/* End XCConfigurationList section */
	};
	rootObject = B242ED68217172A1006E210B /* Project object */;
}
